
Microsoft Visual Studio Solution File, Format Version 12.00
# Visual Studio 15
VisualStudioVersion = 15.0.27130.2010
MinimumVisualStudioVersion = 10.0.40219.1
Project("{FAE04EC0-301F-11D3-BF4B-00C04F79EFBC}") = "6.mar.2015-problem3-BitShiftMatrix", "6.mar.2015-problem3-BitShiftMatrix\6.mar.2015-problem3-BitShiftMatrix.csproj", "{B23C7BD9-9F6B-4709-A3BD-07757ACC6B48}"
EndProject
Project("{FAE04EC0-301F-11D3-BF4B-00C04F79EFBC}") = "31.may.2016-1.MessagesDescription", "31.may.2016-1.MessagesDescription\31.may.2016-1.MessagesDescription.csproj", "{AA63AC55-656E-4015-8586-B16F0D4A861D}"
EndProject
Project("{FAE04EC0-301F-11D3-BF4B-00C04F79EFBC}") = "7.dec.2016-Task1-SecretNumeralSystem", "7.dec.2016-SecretNumeralSystem\7.dec.2016-Task1-SecretNumeralSystem.csproj", "{C2EC3CC9-7074-4229-B749-EFBE545E3DEC}"
EndProject
Project("{FAE04EC0-301F-11D3-BF4B-00C04F79EFBC}") = "7.12.2016-Task4-GoshoCode", "7.12.2016-Task4-GoshoCode\7.12.2016-Task4-GoshoCode.csproj", "{03B38251-13EB-46AB-B1CF-BC5D4742E01D}"
EndProject
Project("{FAE04EC0-301F-11D3-BF4B-00C04F79EFBC}") = "7.dec.2016-Task3-SneakyTheSnake", "7.dec.2016-Task3-SneakyTheSnake\7.dec.2016-Task3-SneakyTheSnake.csproj", "{D3F6DD9F-8AB0-4ABF-8168-73738A7A0B60}"
EndProject
Project("{FAE04EC0-301F-11D3-BF4B-00C04F79EFBC}") = "11.feb.2013-9GagNumbers", "11.feb.2013-9GagNumbers\11.feb.2013-9GagNumbers.csproj", "{0D72F72F-63D1-4F5E-BA5C-865957B1FA6C}"
EndProject
Project("{FAE04EC0-301F-11D3-BF4B-00C04F79EFBC}") = "11.Feb.2013-Task2.SpecialValue", "11.Feb.2013-Task2.SpecialValue\11.Feb.2013-Task2.SpecialValue.csproj", "{B9669194-9CE6-439A-8B1C-8590DF03BE45}"
EndProject
Project("{FAE04EC0-301F-11D3-BF4B-00C04F79EFBC}") = "11.Feb.2013-Task4.FakeTextMarkupLanguage", "11.Feb.2013-Task4.FakeTextMarkupLanguage\11.Feb.2013-Task4.FakeTextMarkupLanguage.csproj", "{99BC8BA1-B3BA-4BD9-A8FF-076D52CCEC44}"
EndProject
Project("{FAE04EC0-301F-11D3-BF4B-00C04F79EFBC}") = "11.Feb.2013-Task3.KukataIsDancing", "11.Feb.2013-Task3.KukataIsDancing\11.Feb.2013-Task3.KukataIsDancing.csproj", "{AEF04279-353C-4C7F-9E71-026B8ACFCBEF}"
EndProject
Project("{FAE04EC0-301F-11D3-BF4B-00C04F79EFBC}") = "11.Feb.2013-Task5-ThreeInOne", "11.Feb.2013-Task5-ThreeInOne\11.Feb.2013-Task5-ThreeInOne.csproj", "{608A1769-4DD4-47A6-ADD6-A372E7D2D15E}"
EndProject
Project("{FAE04EC0-301F-11D3-BF4B-00C04F79EFBC}") = "22.Jan.2014-Task3.Patterns", "22.Jan.2014-Task3.Patterns\22.Jan.2014-Task3.Patterns.csproj", "{0B6E7036-5583-474A-88DE-64A346F092D7}"
EndProject
Project("{FAE04EC0-301F-11D3-BF4B-00C04F79EFBC}") = "22.Jan.2014-Task1.TRES4.Numbers", "22.Jan.2014-Task1.TRES4.Numbers\22.Jan.2014-Task1.TRES4.Numbers.csproj", "{0D072542-69D7-439A-AADD-392F1F74E261}"
EndProject
Project("{FAE04EC0-301F-11D3-BF4B-00C04F79EFBC}") = "14.sep.2013-Task3-Trails3D", "14.sep.2013-Task3-Trails3D\14.sep.2013-Task3-Trails3D.csproj", "{1D3CE780-7975-4218-A670-28B5B1A8F00A}"
EndProject
Global
	GlobalSection(SolutionConfigurationPlatforms) = preSolution
		Debug|Any CPU = Debug|Any CPU
		Release|Any CPU = Release|Any CPU
	EndGlobalSection
	GlobalSection(ProjectConfigurationPlatforms) = postSolution
		{B23C7BD9-9F6B-4709-A3BD-07757ACC6B48}.Debug|Any CPU.ActiveCfg = Debug|Any CPU
		{B23C7BD9-9F6B-4709-A3BD-07757ACC6B48}.Debug|Any CPU.Build.0 = Debug|Any CPU
		{B23C7BD9-9F6B-4709-A3BD-07757ACC6B48}.Release|Any CPU.ActiveCfg = Release|Any CPU
		{B23C7BD9-9F6B-4709-A3BD-07757ACC6B48}.Release|Any CPU.Build.0 = Release|Any CPU
		{AA63AC55-656E-4015-8586-B16F0D4A861D}.Debug|Any CPU.ActiveCfg = Debug|Any CPU
		{AA63AC55-656E-4015-8586-B16F0D4A861D}.Debug|Any CPU.Build.0 = Debug|Any CPU
		{AA63AC55-656E-4015-8586-B16F0D4A861D}.Release|Any CPU.ActiveCfg = Release|Any CPU
		{AA63AC55-656E-4015-8586-B16F0D4A861D}.Release|Any CPU.Build.0 = Release|Any CPU
		{C2EC3CC9-7074-4229-B749-EFBE545E3DEC}.Debug|Any CPU.ActiveCfg = Debug|Any CPU
		{C2EC3CC9-7074-4229-B749-EFBE545E3DEC}.Debug|Any CPU.Build.0 = Debug|Any CPU
		{C2EC3CC9-7074-4229-B749-EFBE545E3DEC}.Release|Any CPU.ActiveCfg = Release|Any CPU
		{C2EC3CC9-7074-4229-B749-EFBE545E3DEC}.Release|Any CPU.Build.0 = Release|Any CPU
		{03B38251-13EB-46AB-B1CF-BC5D4742E01D}.Debug|Any CPU.ActiveCfg = Debug|Any CPU
		{03B38251-13EB-46AB-B1CF-BC5D4742E01D}.Debug|Any CPU.Build.0 = Debug|Any CPU
		{03B38251-13EB-46AB-B1CF-BC5D4742E01D}.Release|Any CPU.ActiveCfg = Release|Any CPU
		{03B38251-13EB-46AB-B1CF-BC5D4742E01D}.Release|Any CPU.Build.0 = Release|Any CPU
		{D3F6DD9F-8AB0-4ABF-8168-73738A7A0B60}.Debug|Any CPU.ActiveCfg = Debug|Any CPU
		{D3F6DD9F-8AB0-4ABF-8168-73738A7A0B60}.Debug|Any CPU.Build.0 = Debug|Any CPU
		{D3F6DD9F-8AB0-4ABF-8168-73738A7A0B60}.Release|Any CPU.ActiveCfg = Release|Any CPU
		{D3F6DD9F-8AB0-4ABF-8168-73738A7A0B60}.Release|Any CPU.Build.0 = Release|Any CPU
		{0D72F72F-63D1-4F5E-BA5C-865957B1FA6C}.Debug|Any CPU.ActiveCfg = Debug|Any CPU
		{0D72F72F-63D1-4F5E-BA5C-865957B1FA6C}.Debug|Any CPU.Build.0 = Debug|Any CPU
		{0D72F72F-63D1-4F5E-BA5C-865957B1FA6C}.Release|Any CPU.ActiveCfg = Release|Any CPU
		{0D72F72F-63D1-4F5E-BA5C-865957B1FA6C}.Release|Any CPU.Build.0 = Release|Any CPU
		{B9669194-9CE6-439A-8B1C-8590DF03BE45}.Debug|Any CPU.ActiveCfg = Debug|Any CPU
		{B9669194-9CE6-439A-8B1C-8590DF03BE45}.Debug|Any CPU.Build.0 = Debug|Any CPU
		{B9669194-9CE6-439A-8B1C-8590DF03BE45}.Release|Any CPU.ActiveCfg = Release|Any CPU
		{B9669194-9CE6-439A-8B1C-8590DF03BE45}.Release|Any CPU.Build.0 = Release|Any CPU
		{99BC8BA1-B3BA-4BD9-A8FF-076D52CCEC44}.Debug|Any CPU.ActiveCfg = Debug|Any CPU
		{99BC8BA1-B3BA-4BD9-A8FF-076D52CCEC44}.Debug|Any CPU.Build.0 = Debug|Any CPU
		{99BC8BA1-B3BA-4BD9-A8FF-076D52CCEC44}.Release|Any CPU.ActiveCfg = Release|Any CPU
		{99BC8BA1-B3BA-4BD9-A8FF-076D52CCEC44}.Release|Any CPU.Build.0 = Release|Any CPU
		{AEF04279-353C-4C7F-9E71-026B8ACFCBEF}.Debug|Any CPU.ActiveCfg = Debug|Any CPU
		{AEF04279-353C-4C7F-9E71-026B8ACFCBEF}.Debug|Any CPU.Build.0 = Debug|Any CPU
		{AEF04279-353C-4C7F-9E71-026B8ACFCBEF}.Release|Any CPU.ActiveCfg = Release|Any CPU
		{AEF04279-353C-4C7F-9E71-026B8ACFCBEF}.Release|Any CPU.Build.0 = Release|Any CPU
		{608A1769-4DD4-47A6-ADD6-A372E7D2D15E}.Debug|Any CPU.ActiveCfg = Debug|Any CPU
		{608A1769-4DD4-47A6-ADD6-A372E7D2D15E}.Debug|Any CPU.Build.0 = Debug|Any CPU
		{608A1769-4DD4-47A6-ADD6-A372E7D2D15E}.Release|Any CPU.ActiveCfg = Release|Any CPU
		{608A1769-4DD4-47A6-ADD6-A372E7D2D15E}.Release|Any CPU.Build.0 = Release|Any CPU
		{0B6E7036-5583-474A-88DE-64A346F092D7}.Debug|Any CPU.ActiveCfg = Debug|Any CPU
		{0B6E7036-5583-474A-88DE-64A346F092D7}.Debug|Any CPU.Build.0 = Debug|Any CPU
		{0B6E7036-5583-474A-88DE-64A346F092D7}.Release|Any CPU.ActiveCfg = Release|Any CPU
		{0B6E7036-5583-474A-88DE-64A346F092D7}.Release|Any CPU.Build.0 = Release|Any CPU
		{0D072542-69D7-439A-AADD-392F1F74E261}.Debug|Any CPU.ActiveCfg = Debug|Any CPU
		{0D072542-69D7-439A-AADD-392F1F74E261}.Debug|Any CPU.Build.0 = Debug|Any CPU
		{0D072542-69D7-439A-AADD-392F1F74E261}.Release|Any CPU.ActiveCfg = Release|Any CPU
		{0D072542-69D7-439A-AADD-392F1F74E261}.Release|Any CPU.Build.0 = Release|Any CPU
		{1D3CE780-7975-4218-A670-28B5B1A8F00A}.Debug|Any CPU.ActiveCfg = Debug|Any CPU
		{1D3CE780-7975-4218-A670-28B5B1A8F00A}.Debug|Any CPU.Build.0 = Debug|Any CPU
		{1D3CE780-7975-4218-A670-28B5B1A8F00A}.Release|Any CPU.ActiveCfg = Release|Any CPU
		{1D3CE780-7975-4218-A670-28B5B1A8F00A}.Release|Any CPU.Build.0 = Release|Any CPU
	EndGlobalSection
	GlobalSection(SolutionProperties) = preSolution
		HideSolutionNode = FALSE
	EndGlobalSection
	GlobalSection(ExtensibilityGlobals) = postSolution
		SolutionGuid = {FC1EFB02-5EE6-46EC-9A54-B6DC024EF981}
	EndGlobalSection
EndGlobal
